
Microsoft Visual Studio Solution File, Format Version 12.00
# Visual Studio Version 16
VisualStudioVersion = 16.0.33927.289
MinimumVisualStudioVersion = 10.0.40219.1
Project("{2150E333-8FDC-42A3-9474-1A3956D46DE8}") = "Task0", "Task0", "{8A3A6892-4258-4C70-9838-11F487F831D2}"
EndProject
Project("{FAE04EC0-301F-11D3-BF4B-00C04F79EFBC}") = "Tyuiu.ShtokerVN.Sprint2.Task0.V11", "Tyuiu.ShtokerVN.Sprint2.Task0.V11\Tyuiu.ShtokerVN.Sprint2.Task0.V11.csproj", "{891ACF3A-98FC-4D07-B271-4349BBB6C191}"
EndProject
Project("{FAE04EC0-301F-11D3-BF4B-00C04F79EFBC}") = "Tyuiu.ShtokerVN.Sprint2.Task0.V11.Lib", "Tyuiu.ShtokerVN.Sprint2.Task0.V11.Lib\Tyuiu.ShtokerVN.Sprint2.Task0.V11.Lib.csproj", "{A92B2B37-0588-401A-85DE-5306AF0672E9}"
EndProject
Project("{FAE04EC0-301F-11D3-BF4B-00C04F79EFBC}") = "Tyuiu.ShtokerVN.Sprint2.Task0.V11.Test", "Tyuiu.ShtokerVN.Sprint2.Task0.V11.Test\Tyuiu.ShtokerVN.Sprint2.Task0.V11.Test.csproj", "{5B68D1B5-928A-4FB6-A011-23E6C9C6E0FF}"
EndProject
Project("{2150E333-8FDC-42A3-9474-1A3956D46DE8}") = "Task1", "Task1", "{05D9F409-10E1-4968-A901-96FD22A7BD40}"
EndProject
Project("{FAE04EC0-301F-11D3-BF4B-00C04F79EFBC}") = "Tyuiu.ShtokerVN.Sprint2.Task1.V28", "Tyuiu.ShtokerVN.Sprint2.Task1.V28\Tyuiu.ShtokerVN.Sprint2.Task1.V28.csproj", "{1714DE4F-BA96-4290-9400-5D5686CD76BD}"
EndProject
Project("{FAE04EC0-301F-11D3-BF4B-00C04F79EFBC}") = "Tyuiu.ShtokerVN.Sprint2.Task1.V28.Lib", "Tyuiu.ShtokerVN.Sprint2.Task1.V28.Lib\Tyuiu.ShtokerVN.Sprint2.Task1.V28.Lib.csproj", "{73B5D9DB-FA4A-41BB-BE8C-44BDD106C88E}"
EndProject
Project("{FAE04EC0-301F-11D3-BF4B-00C04F79EFBC}") = "Tyuiu.ShtokerVN.Sprint2.Task1.V28.Test", "Tyuiu.ShtokerVN.Sprint2.Task1.V28.Test\Tyuiu.ShtokerVN.Sprint2.Task1.V28.Test.csproj", "{2DAD5A5C-993E-46FA-81A7-6FA47DC0F906}"
EndProject
Project("{2150E333-8FDC-42A3-9474-1A3956D46DE8}") = "Task3", "Task3", "{DCD6F998-EDE4-456A-B76C-27255B9A0E0E}"
EndProject
Project("{FAE04EC0-301F-11D3-BF4B-00C04F79EFBC}") = "Tyuiu.ShtokerVN.Sprint2.Task3.V20", "Tyuiu.ShtokerVN.Sprint2.Task3.V20\Tyuiu.ShtokerVN.Sprint2.Task3.V20.csproj", "{863B9FA1-643E-448E-9141-3009CBBB1C0F}"
EndProject
Project("{FAE04EC0-301F-11D3-BF4B-00C04F79EFBC}") = "Tyuiu.ShtokerVN.Sprint2.Task3.V20.Lib", "Tyuiu.ShtokerVN.Sprint2.Task3.V20.Lib\Tyuiu.ShtokerVN.Sprint2.Task3.V20.Lib.csproj", "{9CC05AAA-CF1D-497E-BB49-470E521033E4}"
EndProject
Project("{FAE04EC0-301F-11D3-BF4B-00C04F79EFBC}") = "Tyuiu.ShtokerVN.Sprint2.Task3.V20.Test", "Tyuiu.ShtokerVN.Sprint2.Task3.V20.Test\Tyuiu.ShtokerVN.Sprint2.Task3.V20.Test.csproj", "{E52B1C43-5F55-4B08-9B4B-373DDFAAB8FB}"
EndProject
Project("{2150E333-8FDC-42A3-9474-1A3956D46DE8}") = "Task4", "Task4", "{CF4BC104-207B-47CC-A0D2-F73409ADD086}"
EndProject
Project("{FAE04EC0-301F-11D3-BF4B-00C04F79EFBC}") = "Tyuiu.ShtokerVN.Sprint2.Task4.V29", "Tyuiu.ShtokerVN.Sprint2.Task4.V29\Tyuiu.ShtokerVN.Sprint2.Task4.V29.csproj", "{8B21C621-EECF-4529-ADCF-DB9467A489EE}"
EndProject
Project("{FAE04EC0-301F-11D3-BF4B-00C04F79EFBC}") = "Tyuiu.ShtokerVN.Sprint2.Task4.V29.Lib", "Tyuiu.ShtokerVN.Sprint2.Task4.V29.Lib\Tyuiu.ShtokerVN.Sprint2.Task4.V29.Lib.csproj", "{625533F4-25DA-4CB8-AB12-FE333A79615C}"
EndProject
Project("{FAE04EC0-301F-11D3-BF4B-00C04F79EFBC}") = "Tyuiu.ShtokerVN.Sprint2.Task4.V29.Test", "Tyuiu.ShtokerVN.Sprint2.Task4.V29.Test\Tyuiu.ShtokerVN.Sprint2.Task4.V29.Test.csproj", "{B76C4EB9-C241-4C1D-9A73-609F5EE09B59}"
EndProject
Project("{2150E333-8FDC-42A3-9474-1A3956D46DE8}") = "Task5", "Task5", "{EB7691C8-953A-4D44-AD77-7DEA062BD7F9}"
EndProject
Project("{FAE04EC0-301F-11D3-BF4B-00C04F79EFBC}") = "Tyuiu.ShtokerVN.Sprint2.Task5.V15", "Tyuiu.ShtokerVN.Sprint2.Task5.V15\Tyuiu.ShtokerVN.Sprint2.Task5.V15.csproj", "{DE981395-CBFA-4EB7-A76C-70865B71E0D0}"
EndProject
Project("{FAE04EC0-301F-11D3-BF4B-00C04F79EFBC}") = "Tyuiu.ShtokerVN.Sprint2.Task5.V15.Lib", "Tyuiu.ShtokerVN.Sprint2.Task5.V15.Lib\Tyuiu.ShtokerVN.Sprint2.Task5.V15.Lib.csproj", "{2C976BC7-D413-4392-8DFC-83130158D6BC}"
EndProject
Project("{FAE04EC0-301F-11D3-BF4B-00C04F79EFBC}") = "Tyuiu.ShtokerVN.Sprint2.Task5.V15.Test", "Tyuiu.ShtokerVN.Sprint2.Task5.V15.Test\Tyuiu.ShtokerVN.Sprint2.Task5.V15.Test.csproj", "{BCDB1786-B7BE-42AD-9751-FD4562E0A1D0}"
EndProject
Global
	GlobalSection(SolutionConfigurationPlatforms) = preSolution
		Debug|Any CPU = Debug|Any CPU
		Release|Any CPU = Release|Any CPU
	EndGlobalSection
	GlobalSection(ProjectConfigurationPlatforms) = postSolution
		{891ACF3A-98FC-4D07-B271-4349BBB6C191}.Debug|Any CPU.ActiveCfg = Debug|Any CPU
		{891ACF3A-98FC-4D07-B271-4349BBB6C191}.Debug|Any CPU.Build.0 = Debug|Any CPU
		{891ACF3A-98FC-4D07-B271-4349BBB6C191}.Release|Any CPU.ActiveCfg = Release|Any CPU
		{891ACF3A-98FC-4D07-B271-4349BBB6C191}.Release|Any CPU.Build.0 = Release|Any CPU
		{A92B2B37-0588-401A-85DE-5306AF0672E9}.Debug|Any CPU.ActiveCfg = Debug|Any CPU
		{A92B2B37-0588-401A-85DE-5306AF0672E9}.Debug|Any CPU.Build.0 = Debug|Any CPU
		{A92B2B37-0588-401A-85DE-5306AF0672E9}.Release|Any CPU.ActiveCfg = Release|Any CPU
		{A92B2B37-0588-401A-85DE-5306AF0672E9}.Release|Any CPU.Build.0 = Release|Any CPU
		{5B68D1B5-928A-4FB6-A011-23E6C9C6E0FF}.Debug|Any CPU.ActiveCfg = Debug|Any CPU
		{5B68D1B5-928A-4FB6-A011-23E6C9C6E0FF}.Debug|Any CPU.Build.0 = Debug|Any CPU
		{5B68D1B5-928A-4FB6-A011-23E6C9C6E0FF}.Release|Any CPU.ActiveCfg = Release|Any CPU
		{5B68D1B5-928A-4FB6-A011-23E6C9C6E0FF}.Release|Any CPU.Build.0 = Release|Any CPU
		{1714DE4F-BA96-4290-9400-5D5686CD76BD}.Debug|Any CPU.ActiveCfg = Debug|Any CPU
		{1714DE4F-BA96-4290-9400-5D5686CD76BD}.Debug|Any CPU.Build.0 = Debug|Any CPU
		{1714DE4F-BA96-4290-9400-5D5686CD76BD}.Release|Any CPU.ActiveCfg = Release|Any CPU
		{1714DE4F-BA96-4290-9400-5D5686CD76BD}.Release|Any CPU.Build.0 = Release|Any CPU
		{73B5D9DB-FA4A-41BB-BE8C-44BDD106C88E}.Debug|Any CPU.ActiveCfg = Debug|Any CPU
		{73B5D9DB-FA4A-41BB-BE8C-44BDD106C88E}.Debug|Any CPU.Build.0 = Debug|Any CPU
		{73B5D9DB-FA4A-41BB-BE8C-44BDD106C88E}.Release|Any CPU.ActiveCfg = Release|Any CPU
		{73B5D9DB-FA4A-41BB-BE8C-44BDD106C88E}.Release|Any CPU.Build.0 = Release|Any CPU
		{2DAD5A5C-993E-46FA-81A7-6FA47DC0F906}.Debug|Any CPU.ActiveCfg = Debug|Any CPU
		{2DAD5A5C-993E-46FA-81A7-6FA47DC0F906}.Debug|Any CPU.Build.0 = Debug|Any CPU
		{2DAD5A5C-993E-46FA-81A7-6FA47DC0F906}.Release|Any CPU.ActiveCfg = Release|Any CPU
		{2DAD5A5C-993E-46FA-81A7-6FA47DC0F906}.Release|Any CPU.Build.0 = Release|Any CPU
		{863B9FA1-643E-448E-9141-3009CBBB1C0F}.Debug|Any CPU.ActiveCfg = Debug|Any CPU
		{863B9FA1-643E-448E-9141-3009CBBB1C0F}.Debug|Any CPU.Build.0 = Debug|Any CPU
		{863B9FA1-643E-448E-9141-3009CBBB1C0F}.Release|Any CPU.ActiveCfg = Release|Any CPU
		{863B9FA1-643E-448E-9141-3009CBBB1C0F}.Release|Any CPU.Build.0 = Release|Any CPU
		{9CC05AAA-CF1D-497E-BB49-470E521033E4}.Debug|Any CPU.ActiveCfg = Debug|Any CPU
		{9CC05AAA-CF1D-497E-BB49-470E521033E4}.Debug|Any CPU.Build.0 = Debug|Any CPU
		{9CC05AAA-CF1D-497E-BB49-470E521033E4}.Release|Any CPU.ActiveCfg = Release|Any CPU
		{9CC05AAA-CF1D-497E-BB49-470E521033E4}.Release|Any CPU.Build.0 = Release|Any CPU
		{E52B1C43-5F55-4B08-9B4B-373DDFAAB8FB}.Debug|Any CPU.ActiveCfg = Debug|Any CPU
		{E52B1C43-5F55-4B08-9B4B-373DDFAAB8FB}.Debug|Any CPU.Build.0 = Debug|Any CPU
		{E52B1C43-5F55-4B08-9B4B-373DDFAAB8FB}.Release|Any CPU.ActiveCfg = Release|Any CPU
		{E52B1C43-5F55-4B08-9B4B-373DDFAAB8FB}.Release|Any CPU.Build.0 = Release|Any CPU
		{8B21C621-EECF-4529-ADCF-DB9467A489EE}.Debug|Any CPU.ActiveCfg = Debug|Any CPU
		{8B21C621-EECF-4529-ADCF-DB9467A489EE}.Debug|Any CPU.Build.0 = Debug|Any CPU
		{8B21C621-EECF-4529-ADCF-DB9467A489EE}.Release|Any CPU.ActiveCfg = Release|Any CPU
		{8B21C621-EECF-4529-ADCF-DB9467A489EE}.Release|Any CPU.Build.0 = Release|Any CPU
		{625533F4-25DA-4CB8-AB12-FE333A79615C}.Debug|Any CPU.ActiveCfg = Debug|Any CPU
		{625533F4-25DA-4CB8-AB12-FE333A79615C}.Debug|Any CPU.Build.0 = Debug|Any CPU
		{625533F4-25DA-4CB8-AB12-FE333A79615C}.Release|Any CPU.ActiveCfg = Release|Any CPU
		{625533F4-25DA-4CB8-AB12-FE333A79615C}.Release|Any CPU.Build.0 = Release|Any CPU
		{B76C4EB9-C241-4C1D-9A73-609F5EE09B59}.Debug|Any CPU.ActiveCfg = Debug|Any CPU
		{B76C4EB9-C241-4C1D-9A73-609F5EE09B59}.Debug|Any CPU.Build.0 = Debug|Any CPU
		{B76C4EB9-C241-4C1D-9A73-609F5EE09B59}.Release|Any CPU.ActiveCfg = Release|Any CPU
		{B76C4EB9-C241-4C1D-9A73-609F5EE09B59}.Release|Any CPU.Build.0 = Release|Any CPU
		{DE981395-CBFA-4EB7-A76C-70865B71E0D0}.Debug|Any CPU.ActiveCfg = Debug|Any CPU
		{DE981395-CBFA-4EB7-A76C-70865B71E0D0}.Debug|Any CPU.Build.0 = Debug|Any CPU
		{DE981395-CBFA-4EB7-A76C-70865B71E0D0}.Release|Any CPU.ActiveCfg = Release|Any CPU
		{DE981395-CBFA-4EB7-A76C-70865B71E0D0}.Release|Any CPU.Build.0 = Release|Any CPU
		{2C976BC7-D413-4392-8DFC-83130158D6BC}.Debug|Any CPU.ActiveCfg = Debug|Any CPU
		{2C976BC7-D413-4392-8DFC-83130158D6BC}.Debug|Any CPU.Build.0 = Debug|Any CPU
		{2C976BC7-D413-4392-8DFC-83130158D6BC}.Release|Any CPU.ActiveCfg = Release|Any CPU
		{2C976BC7-D413-4392-8DFC-83130158D6BC}.Release|Any CPU.Build.0 = Release|Any CPU
		{BCDB1786-B7BE-42AD-9751-FD4562E0A1D0}.Debug|Any CPU.ActiveCfg = Debug|Any CPU
		{BCDB1786-B7BE-42AD-9751-FD4562E0A1D0}.Debug|Any CPU.Build.0 = Debug|Any CPU
		{BCDB1786-B7BE-42AD-9751-FD4562E0A1D0}.Release|Any CPU.ActiveCfg = Release|Any CPU
		{BCDB1786-B7BE-42AD-9751-FD4562E0A1D0}.Release|Any CPU.Build.0 = Release|Any CPU
	EndGlobalSection
	GlobalSection(SolutionProperties) = preSolution
		HideSolutionNode = FALSE
	EndGlobalSection
	GlobalSection(NestedProjects) = preSolution
		{891ACF3A-98FC-4D07-B271-4349BBB6C191} = {8A3A6892-4258-4C70-9838-11F487F831D2}
		{A92B2B37-0588-401A-85DE-5306AF0672E9} = {8A3A6892-4258-4C70-9838-11F487F831D2}
		{5B68D1B5-928A-4FB6-A011-23E6C9C6E0FF} = {8A3A6892-4258-4C70-9838-11F487F831D2}
		{1714DE4F-BA96-4290-9400-5D5686CD76BD} = {05D9F409-10E1-4968-A901-96FD22A7BD40}
		{73B5D9DB-FA4A-41BB-BE8C-44BDD106C88E} = {05D9F409-10E1-4968-A901-96FD22A7BD40}
		{2DAD5A5C-993E-46FA-81A7-6FA47DC0F906} = {05D9F409-10E1-4968-A901-96FD22A7BD40}
		{863B9FA1-643E-448E-9141-3009CBBB1C0F} = {DCD6F998-EDE4-456A-B76C-27255B9A0E0E}
		{9CC05AAA-CF1D-497E-BB49-470E521033E4} = {DCD6F998-EDE4-456A-B76C-27255B9A0E0E}
		{E52B1C43-5F55-4B08-9B4B-373DDFAAB8FB} = {DCD6F998-EDE4-456A-B76C-27255B9A0E0E}
		{8B21C621-EECF-4529-ADCF-DB9467A489EE} = {CF4BC104-207B-47CC-A0D2-F73409ADD086}
		{625533F4-25DA-4CB8-AB12-FE333A79615C} = {CF4BC104-207B-47CC-A0D2-F73409ADD086}
		{B76C4EB9-C241-4C1D-9A73-609F5EE09B59} = {CF4BC104-207B-47CC-A0D2-F73409ADD086}
		{DE981395-CBFA-4EB7-A76C-70865B71E0D0} = {EB7691C8-953A-4D44-AD77-7DEA062BD7F9}
		{2C976BC7-D413-4392-8DFC-83130158D6BC} = {EB7691C8-953A-4D44-AD77-7DEA062BD7F9}
		{BCDB1786-B7BE-42AD-9751-FD4562E0A1D0} = {EB7691C8-953A-4D44-AD77-7DEA062BD7F9}
	EndGlobalSection
	GlobalSection(ExtensibilityGlobals) = postSolution
		SolutionGuid = {4879711B-A256-44EE-88A8-D4F622E010BD}
	EndGlobalSection
EndGlobal
